
Microsoft Visual Studio Solution File, Format Version 12.00
# Visual Studio 15
VisualStudioVersion = 15.0.26730.8
MinimumVisualStudioVersion = 10.0.40219.1
Project("{FAE04EC0-301F-11D3-BF4B-00C04F79EFBC}") = "StudentAPI.Web", "StudentAPI.Web\StudentAPI.Web.csproj", "{4B4E5CAE-5415-4915-9673-2AF498D56014}"
EndProject
Project("{FAE04EC0-301F-11D3-BF4B-00C04F79EFBC}") = "StudentAPI.Core", "StudentAPI.Core\StudentAPI.Core.csproj", "{28E4DCE0-945D-4F77-B69D-F49ADFAA949C}"
EndProject
Project("{FAE04EC0-301F-11D3-BF4B-00C04F79EFBC}") = "StudentAPI.Tests", "StudentAPI.Tests\StudentAPI.Tests.csproj", "{A0B760D1-484F-4369-A6D4-AADBD9547741}"
EndProject
Global
	GlobalSection(SolutionConfigurationPlatforms) = preSolution
		Debug|Any CPU = Debug|Any CPU
		Release|Any CPU = Release|Any CPU
	EndGlobalSection
	GlobalSection(ProjectConfigurationPlatforms) = postSolution
		{4B4E5CAE-5415-4915-9673-2AF498D56014}.Debug|Any CPU.ActiveCfg = Debug|Any CPU
		{4B4E5CAE-5415-4915-9673-2AF498D56014}.Debug|Any CPU.Build.0 = Debug|Any CPU
		{4B4E5CAE-5415-4915-9673-2AF498D56014}.Release|Any CPU.ActiveCfg = Release|Any CPU
		{4B4E5CAE-5415-4915-9673-2AF498D56014}.Release|Any CPU.Build.0 = Release|Any CPU
		{28E4DCE0-945D-4F77-B69D-F49ADFAA949C}.Debug|Any CPU.ActiveCfg = Debug|Any CPU
		{28E4DCE0-945D-4F77-B69D-F49ADFAA949C}.Debug|Any CPU.Build.0 = Debug|Any CPU
		{28E4DCE0-945D-4F77-B69D-F49ADFAA949C}.Release|Any CPU.ActiveCfg = Release|Any CPU
		{28E4DCE0-945D-4F77-B69D-F49ADFAA949C}.Release|Any CPU.Build.0 = Release|Any CPU
		{A0B760D1-484F-4369-A6D4-AADBD9547741}.Debug|Any CPU.ActiveCfg = Debug|Any CPU
		{A0B760D1-484F-4369-A6D4-AADBD9547741}.Debug|Any CPU.Build.0 = Debug|Any CPU
		{A0B760D1-484F-4369-A6D4-AADBD9547741}.Release|Any CPU.ActiveCfg = Release|Any CPU
		{A0B760D1-484F-4369-A6D4-AADBD9547741}.Release|Any CPU.Build.0 = Release|Any CPU
	EndGlobalSection
	GlobalSection(SolutionProperties) = preSolution
		HideSolutionNode = FALSE
	EndGlobalSection
	GlobalSection(ExtensibilityGlobals) = postSolution
		SolutionGuid = {229BD12F-5BB6-48F9-94E3-61E0FB527EBA}
	EndGlobalSection
EndGlobal
